
Microsoft Visual Studio Solution File, Format Version 12.00
# Visual Studio Version 17
VisualStudioVersion = 17.0.31903.59
MinimumVisualStudioVersion = 10.0.40219.1
Project("{FAE04EC0-301F-11D3-BF4B-00C04F79EFBC}") = "SpaceBattle.Core", "SpaceBattle.Core\SpaceBattle.Core.csproj", "{11B84623-04B3-4F96-B1A9-42DE14E6DA39}"
EndProject
Project("{FAE04EC0-301F-11D3-BF4B-00C04F79EFBC}") = "SpaceBattle.Tests", "SpaceBattle.Tests\SpaceBattle.Tests.csproj", "{A06046B8-4472-427E-A41C-BA33BDD75A13}"
EndProject
Project("{FAE04EC0-301F-11D3-BF4B-00C04F79EFBC}") = "SpaceBattle.Console", "SpaceBattle.Console\SpaceBattle.Console.csproj", "{F9CF5DC7-AE78-4900-86B4-BF606971FB00}"
EndProject
Global
	GlobalSection(SolutionConfigurationPlatforms) = preSolution
		Debug|Any CPU = Debug|Any CPU
		Debug|x64 = Debug|x64
		Debug|x86 = Debug|x86
		Release|Any CPU = Release|Any CPU
		Release|x64 = Release|x64
		Release|x86 = Release|x86
	EndGlobalSection
	GlobalSection(ProjectConfigurationPlatforms) = postSolution
		{11B84623-04B3-4F96-B1A9-42DE14E6DA39}.Debug|Any CPU.ActiveCfg = Debug|Any CPU
		{11B84623-04B3-4F96-B1A9-42DE14E6DA39}.Debug|Any CPU.Build.0 = Debug|Any CPU
		{11B84623-04B3-4F96-B1A9-42DE14E6DA39}.Debug|x64.ActiveCfg = Debug|Any CPU
		{11B84623-04B3-4F96-B1A9-42DE14E6DA39}.Debug|x64.Build.0 = Debug|Any CPU
		{11B84623-04B3-4F96-B1A9-42DE14E6DA39}.Debug|x86.ActiveCfg = Debug|Any CPU
		{11B84623-04B3-4F96-B1A9-42DE14E6DA39}.Debug|x86.Build.0 = Debug|Any CPU
		{11B84623-04B3-4F96-B1A9-42DE14E6DA39}.Release|Any CPU.ActiveCfg = Release|Any CPU
		{11B84623-04B3-4F96-B1A9-42DE14E6DA39}.Release|Any CPU.Build.0 = Release|Any CPU
		{11B84623-04B3-4F96-B1A9-42DE14E6DA39}.Release|x64.ActiveCfg = Release|Any CPU
		{11B84623-04B3-4F96-B1A9-42DE14E6DA39}.Release|x64.Build.0 = Release|Any CPU
		{11B84623-04B3-4F96-B1A9-42DE14E6DA39}.Release|x86.ActiveCfg = Release|Any CPU
		{11B84623-04B3-4F96-B1A9-42DE14E6DA39}.Release|x86.Build.0 = Release|Any CPU
		{A06046B8-4472-427E-A41C-BA33BDD75A13}.Debug|Any CPU.ActiveCfg = Debug|Any CPU
		{A06046B8-4472-427E-A41C-BA33BDD75A13}.Debug|Any CPU.Build.0 = Debug|Any CPU
		{A06046B8-4472-427E-A41C-BA33BDD75A13}.Debug|x64.ActiveCfg = Debug|Any CPU
		{A06046B8-4472-427E-A41C-BA33BDD75A13}.Debug|x64.Build.0 = Debug|Any CPU
		{A06046B8-4472-427E-A41C-BA33BDD75A13}.Debug|x86.ActiveCfg = Debug|Any CPU
		{A06046B8-4472-427E-A41C-BA33BDD75A13}.Debug|x86.Build.0 = Debug|Any CPU
		{A06046B8-4472-427E-A41C-BA33BDD75A13}.Release|Any CPU.ActiveCfg = Release|Any CPU
		{A06046B8-4472-427E-A41C-BA33BDD75A13}.Release|Any CPU.Build.0 = Release|Any CPU
		{A06046B8-4472-427E-A41C-BA33BDD75A13}.Release|x64.ActiveCfg = Release|Any CPU
		{A06046B8-4472-427E-A41C-BA33BDD75A13}.Release|x64.Build.0 = Release|Any CPU
		{A06046B8-4472-427E-A41C-BA33BDD75A13}.Release|x86.ActiveCfg = Release|Any CPU
		{A06046B8-4472-427E-A41C-BA33BDD75A13}.Release|x86.Build.0 = Release|Any CPU
		{F9CF5DC7-AE78-4900-86B4-BF606971FB00}.Debug|Any CPU.ActiveCfg = Debug|Any CPU
		{F9CF5DC7-AE78-4900-86B4-BF606971FB00}.Debug|Any CPU.Build.0 = Debug|Any CPU
		{F9CF5DC7-AE78-4900-86B4-BF606971FB00}.Debug|x64.ActiveCfg = Debug|Any CPU
		{F9CF5DC7-AE78-4900-86B4-BF606971FB00}.Debug|x64.Build.0 = Debug|Any CPU
		{F9CF5DC7-AE78-4900-86B4-BF606971FB00}.Debug|x86.ActiveCfg = Debug|Any CPU
		{F9CF5DC7-AE78-4900-86B4-BF606971FB00}.Debug|x86.Build.0 = Debug|Any CPU
		{F9CF5DC7-AE78-4900-86B4-BF606971FB00}.Release|Any CPU.ActiveCfg = Release|Any CPU
		{F9CF5DC7-AE78-4900-86B4-BF606971FB00}.Release|Any CPU.Build.0 = Release|Any CPU
		{F9CF5DC7-AE78-4900-86B4-BF606971FB00}.Release|x64.ActiveCfg = Release|Any CPU
		{F9CF5DC7-AE78-4900-86B4-BF606971FB00}.Release|x64.Build.0 = Release|Any CPU
		{F9CF5DC7-AE78-4900-86B4-BF606971FB00}.Release|x86.ActiveCfg = Release|Any CPU
		{F9CF5DC7-AE78-4900-86B4-BF606971FB00}.Release|x86.Build.0 = Release|Any CPU
	EndGlobalSection
	GlobalSection(SolutionProperties) = preSolution
		HideSolutionNode = FALSE
	EndGlobalSection
EndGlobal
